
Microsoft Visual Studio Solution File, Format Version 12.00
# Visual Studio Version 16
VisualStudioVersion = 16.0.29905.134
MinimumVisualStudioVersion = 10.0.40219.1
Project("{FAE04EC0-301F-11D3-BF4B-00C04F79EFBC}") = "cv08", "cv08\cv08.csproj", "{DAD7A056-1D74-4596-8215-FDA595AB0A71}"
EndProject
Global
	GlobalSection(SolutionConfigurationPlatforms) = preSolution
		Debug|Any CPU = Debug|Any CPU
		Release|Any CPU = Release|Any CPU
	EndGlobalSection
	GlobalSection(ProjectConfigurationPlatforms) = postSolution
		{DAD7A056-1D74-4596-8215-FDA595AB0A71}.Debug|Any CPU.ActiveCfg = Debug|Any CPU
		{DAD7A056-1D74-4596-8215-FDA595AB0A71}.Debug|Any CPU.Build.0 = Debug|Any CPU
		{DAD7A056-1D74-4596-8215-FDA595AB0A71}.Release|Any CPU.ActiveCfg = Release|Any CPU
		{DAD7A056-1D74-4596-8215-FDA595AB0A71}.Release|Any CPU.Build.0 = Release|Any CPU
	EndGlobalSection
	GlobalSection(SolutionProperties) = preSolution
		HideSolutionNode = FALSE
	EndGlobalSection
	GlobalSection(ExtensibilityGlobals) = postSolution
		SolutionGuid = {298FFE1A-E5F2-42FA-822E-79CF2D1DD28D}
	EndGlobalSection
EndGlobal
