
Microsoft Visual Studio Solution File, Format Version 12.00
# Visual Studio 15
VisualStudioVersion = 15.0.28307.1000
MinimumVisualStudioVersion = 10.0.40219.1
Project("{FAE04EC0-301F-11D3-BF4B-00C04F79EFBC}") = "cv01", "cv01\cv01.csproj", "{EF1A23F4-6137-443E-8D1E-29416C63BC0E}"
EndProject
Global
	GlobalSection(SolutionConfigurationPlatforms) = preSolution
		Debug|Any CPU = Debug|Any CPU
		Release|Any CPU = Release|Any CPU
	EndGlobalSection
	GlobalSection(ProjectConfigurationPlatforms) = postSolution
		{EF1A23F4-6137-443E-8D1E-29416C63BC0E}.Debug|Any CPU.ActiveCfg = Debug|Any CPU
		{EF1A23F4-6137-443E-8D1E-29416C63BC0E}.Debug|Any CPU.Build.0 = Debug|Any CPU
		{EF1A23F4-6137-443E-8D1E-29416C63BC0E}.Release|Any CPU.ActiveCfg = Release|Any CPU
		{EF1A23F4-6137-443E-8D1E-29416C63BC0E}.Release|Any CPU.Build.0 = Release|Any CPU
	EndGlobalSection
	GlobalSection(SolutionProperties) = preSolution
		HideSolutionNode = FALSE
	EndGlobalSection
	GlobalSection(ExtensibilityGlobals) = postSolution
		SolutionGuid = {784144CD-8FE8-42BD-A80D-2E4CBEEA29C9}
	EndGlobalSection
EndGlobal
