
Microsoft Visual Studio Solution File, Format Version 12.00
# Visual Studio 15
VisualStudioVersion = 15.0.28307.1022
MinimumVisualStudioVersion = 10.0.40219.1
Project("{FAE04EC0-301F-11D3-BF4B-00C04F79EFBC}") = "cv06", "cv06\cv06.csproj", "{E099D883-D50C-4B90-A198-FCB4EAE71EA1}"
EndProject
Global
	GlobalSection(SolutionConfigurationPlatforms) = preSolution
		Debug|Any CPU = Debug|Any CPU
		Release|Any CPU = Release|Any CPU
	EndGlobalSection
	GlobalSection(ProjectConfigurationPlatforms) = postSolution
		{E099D883-D50C-4B90-A198-FCB4EAE71EA1}.Debug|Any CPU.ActiveCfg = Debug|Any CPU
		{E099D883-D50C-4B90-A198-FCB4EAE71EA1}.Debug|Any CPU.Build.0 = Debug|Any CPU
		{E099D883-D50C-4B90-A198-FCB4EAE71EA1}.Release|Any CPU.ActiveCfg = Release|Any CPU
		{E099D883-D50C-4B90-A198-FCB4EAE71EA1}.Release|Any CPU.Build.0 = Release|Any CPU
	EndGlobalSection
	GlobalSection(SolutionProperties) = preSolution
		HideSolutionNode = FALSE
	EndGlobalSection
	GlobalSection(ExtensibilityGlobals) = postSolution
		SolutionGuid = {40B835BE-E88A-4592-B0D4-EAD14EC9975A}
	EndGlobalSection
EndGlobal
